
Microsoft Visual Studio Solution File, Format Version 12.00
# Visual Studio Version 16
VisualStudioVersion = 16.0.29519.87
MinimumVisualStudioVersion = 10.0.40219.1
Project("{FAE04EC0-301F-11D3-BF4B-00C04F79EFBC}") = "RedmineManagerEx", "RedmineManagerEx\RedmineManagerEx.csproj", "{D0C1A010-996A-49B6-80AC-9E3C9D90CC1E}"
EndProject
Project("{FAE04EC0-301F-11D3-BF4B-00C04F79EFBC}") = "RedmineManagerEx.Test", "RedmineManagerEx.Test\RedmineManagerEx.Test.csproj", "{BA3B13E3-1E83-4994-BABD-465C47D251FA}"
EndProject
Global
	GlobalSection(SolutionConfigurationPlatforms) = preSolution
		Debug|Any CPU = Debug|Any CPU
		Release|Any CPU = Release|Any CPU
	EndGlobalSection
	GlobalSection(ProjectConfigurationPlatforms) = postSolution
		{D0C1A010-996A-49B6-80AC-9E3C9D90CC1E}.Debug|Any CPU.ActiveCfg = Debug|Any CPU
		{D0C1A010-996A-49B6-80AC-9E3C9D90CC1E}.Debug|Any CPU.Build.0 = Debug|Any CPU
		{D0C1A010-996A-49B6-80AC-9E3C9D90CC1E}.Release|Any CPU.ActiveCfg = Release|Any CPU
		{D0C1A010-996A-49B6-80AC-9E3C9D90CC1E}.Release|Any CPU.Build.0 = Release|Any CPU
		{BA3B13E3-1E83-4994-BABD-465C47D251FA}.Debug|Any CPU.ActiveCfg = Debug|Any CPU
		{BA3B13E3-1E83-4994-BABD-465C47D251FA}.Debug|Any CPU.Build.0 = Debug|Any CPU
		{BA3B13E3-1E83-4994-BABD-465C47D251FA}.Release|Any CPU.ActiveCfg = Release|Any CPU
		{BA3B13E3-1E83-4994-BABD-465C47D251FA}.Release|Any CPU.Build.0 = Release|Any CPU
	EndGlobalSection
	GlobalSection(SolutionProperties) = preSolution
		HideSolutionNode = FALSE
	EndGlobalSection
	GlobalSection(ExtensibilityGlobals) = postSolution
		SolutionGuid = {9FECFB7D-4C32-4AC0-95EC-878FBC0FBBFB}
	EndGlobalSection
EndGlobal
